Microsoft Visual Studio Solution File, Format Version 12.00
# Visual Studio Version 17
VisualStudioVersion = 17.5.2.0
MinimumVisualStudioVersion = 10.0.40219.1
Project("{FAE04EC0-301F-11D3-BF4B-00C04F79EFBC}") = "TDE03", "TDE03.csproj", "{5103D6AF-76DA-8770-1CA4-778522C479DE}"
EndProject
Global
	GlobalSection(SolutionConfigurationPlatforms) = preSolution
		Debug|Any CPU = Debug|Any CPU
		Release|Any CPU = Release|Any CPU
	EndGlobalSection
	GlobalSection(ProjectConfigurationPlatforms) = postSolution
		{5103D6AF-76DA-8770-1CA4-778522C479DE}.Debug|Any CPU.ActiveCfg = Debug|Any CPU
		{5103D6AF-76DA-8770-1CA4-778522C479DE}.Debug|Any CPU.Build.0 = Debug|Any CPU
		{5103D6AF-76DA-8770-1CA4-778522C479DE}.Release|Any CPU.ActiveCfg = Release|Any CPU
		{5103D6AF-76DA-8770-1CA4-778522C479DE}.Release|Any CPU.Build.0 = Release|Any CPU
	EndGlobalSection
	GlobalSection(SolutionProperties) = preSolution
		HideSolutionNode = FALSE
	EndGlobalSection
	GlobalSection(ExtensibilityGlobals) = postSolution
		SolutionGuid = {12E684AD-8D33-4378-B557-122E0847A38E}
	EndGlobalSection
EndGlobal
